// !$*UTF8*$!
{
	archiveVersion = 1;
	classes = {
	};
	objectVersion = 56;
	objects = {

/* Begin PBXBuildFile section */
		906566672C8E3DB700695860 /* WeatherAppApp.swift in Sources */ = {isa = PBXBuildFile; fileRef = 906566662C8E3DB700695860 /* WeatherAppApp.swift */; };
		9065666B2C8E3DB800695860 /* Assets.xcassets in Resources */ = {isa = PBXBuildFile; fileRef = 9065666A2C8E3DB800695860 /* Assets.xcassets */; };
		9065666E2C8E3DB800695860 /* Preview Assets.xcassets in Resources */ = {isa = PBXBuildFile; fileRef = 9065666D2C8E3DB800695860 /* Preview Assets.xcassets */; };
		9065667F2C8E3EAC00695860 /* APIManager.swift in Sources */ = {isa = PBXBuildFile; fileRef = 9065667E2C8E3EAC00695860 /* APIManager.swift */; };
		906566822C8E3ED500695860 /* EndPointType.swift in Sources */ = {isa = PBXBuildFile; fileRef = 906566812C8E3ED500695860 /* EndPointType.swift */; };
		906566842C8E40E700695860 /* WeatherModel.swift in Sources */ = {isa = PBXBuildFile; fileRef = 906566832C8E40E700695860 /* WeatherModel.swift */; };
		906566862C8E410900695860 /* WeatherViewModel.swift in Sources */ = {isa = PBXBuildFile; fileRef = 906566852C8E410900695860 /* WeatherViewModel.swift */; };
		906566882C8E424E00695860 /* WeatherView.swift in Sources */ = {isa = PBXBuildFile; fileRef = 906566872C8E424E00695860 /* WeatherView.swift */; };
		9065668A2C8E487F00695860 /* CacheManager.swift in Sources */ = {isa = PBXBuildFile; fileRef = 906566892C8E487F00695860 /* CacheManager.swift */; };
		9065668D2C8E535D00695860 /* Double.swift in Sources */ = {isa = PBXBuildFile; fileRef = 9065668C2C8E535D00695860 /* Double.swift */; };
		9065669E2C8E56BF00695860 /* WeatherViewModelTests.swift in Sources */ = {isa = PBXBuildFile; fileRef = 9065669D2C8E56BF00695860 /* WeatherViewModelTests.swift */; };
		906566A32C8E57C000695860 /* weather.json in Resources */ = {isa = PBXBuildFile; fileRef = 906566A22C8E57C000695860 /* weather.json */; };
		906566A52C8E582B00695860 /* Mockable.swift in Sources */ = {isa = PBXBuildFile; fileRef = 906566A42C8E582B00695860 /* Mockable.swift */; };
		906566A72C8E59A400695860 /* Weather.xcassets in Resources */ = {isa = PBXBuildFile; fileRef = 906566A62C8E59A400695860 /* Weather.xcassets */; };
		906566A92C8E639E00695860 /* LocationManager.swift in Sources */ = {isa = PBXBuildFile; fileRef = 906566A82C8E639E00695860 /* LocationManager.swift */; };
/* End PBXBuildFile section */

/* Begin PBXContainerItemProxy section */
		906566982C8E568900695860 /* PBXContainerItemProxy */ = {
			isa = PBXContainerItemProxy;
			containerPortal = 9065665B2C8E3DB700695860 /* Project object */;
			proxyType = 1;
			remoteGlobalIDString = 906566622C8E3DB700695860;
			remoteInfo = WeatherApp;
		};
/* End PBXContainerItemProxy section */

/* Begin PBXFileReference section */
		906566632C8E3DB700695860 /* WeatherApp.app */ = {isa = PBXFileReference; explicitFileType = wrapper.application; includeInIndex = 0; path = WeatherApp.app; sourceTree = BUILT_PRODUCTS_DIR; };
		906566662C8E3DB700695860 /* WeatherAppApp.swift */ = {isa = PBXFileReference; lastKnownFileType = sourcecode.swift; path = WeatherAppApp.swift; sourceTree = "<group>"; };
		9065666A2C8E3DB800695860 /* Assets.xcassets */ = {isa = PBXFileReference; lastKnownFileType = folder.assetcatalog; path = Assets.xcassets; sourceTree = "<group>"; };
		9065666D2C8E3DB800695860 /* Preview Assets.xcassets */ = {isa = PBXFileReference; lastKnownFileType = folder.assetcatalog; path = "Preview Assets.xcassets"; sourceTree = "<group>"; };
		9065667E2C8E3EAC00695860 /* APIManager.swift */ = {isa = PBXFileReference; lastKnownFileType = sourcecode.swift; path = APIManager.swift; sourceTree = "<group>"; };
		906566812C8E3ED500695860 /* EndPointType.swift */ = {isa = PBXFileReference; lastKnownFileType = sourcecode.swift; path = EndPointType.swift; sourceTree = "<group>"; };
		906566832C8E40E700695860 /* WeatherModel.swift */ = {isa = PBXFileReference; lastKnownFileType = sourcecode.swift; path = WeatherModel.swift; sourceTree = "<group>"; };
		906566852C8E410900695860 /* WeatherViewModel.swift */ = {isa = PBXFileReference; lastKnownFileType = sourcecode.swift; path = WeatherViewModel.swift; sourceTree = "<group>"; };
		906566872C8E424E00695860 /* WeatherView.swift */ = {isa = PBXFileReference; lastKnownFileType = sourcecode.swift; path = WeatherView.swift; sourceTree = "<group>"; };
		906566892C8E487F00695860 /* CacheManager.swift */ = {isa = PBXFileReference; lastKnownFileType = sourcecode.swift; path = CacheManager.swift; sourceTree = "<group>"; };
		9065668C2C8E535D00695860 /* Double.swift */ = {isa = PBXFileReference; lastKnownFileType = sourcecode.swift; path = Double.swift; sourceTree = "<group>"; };
		906566942C8E568900695860 /* WeatherAppTests.xctest */ = {isa = PBXFileReference; explicitFileType = wrapper.cfbundle; includeInIndex = 0; path = WeatherAppTests.xctest; sourceTree = BUILT_PRODUCTS_DIR; };
		9065669D2C8E56BF00695860 /* WeatherViewModelTests.swift */ = {isa = PBXFileReference; lastKnownFileType = sourcecode.swift; path = WeatherViewModelTests.swift; sourceTree = "<group>"; };
		906566A22C8E57C000695860 /* weather.json */ = {isa = PBXFileReference; fileEncoding = 4; lastKnownFileType = text.json; path = weather.json; sourceTree = "<group>"; };
		906566A42C8E582B00695860 /* Mockable.swift */ = {isa = PBXFileReference; lastKnownFileType = sourcecode.swift; path = Mockable.swift; sourceTree = "<group>"; };
		906566A62C8E59A400695860 /* Weather.xcassets */ = {isa = PBXFileReference; lastKnownFileType = folder.assetcatalog; path = Weather.xcassets; sourceTree = "<group>"; };
		906566A82C8E639E00695860 /* LocationManager.swift */ = {isa = PBXFileReference; lastKnownFileType = sourcecode.swift; path = LocationManager.swift; sourceTree = "<group>"; };
		906566AA2C8E68DB00695860 /* Info.plist */ = {isa = PBXFileReference; lastKnownFileType = text.plist; path = Info.plist; sourceTree = "<group>"; };
/* End PBXFileReference section */

/* Begin PBXFrameworksBuildPhase section */
		906566602C8E3DB700695860 /* Frameworks */ = {
			isa = PBXFrameworksBuildPhase;
			buildActionMask = 2147483647;
			files = (
			);
			runOnlyForDeploymentPostprocessing = 0;
		};
		906566912C8E568900695860 /* Frameworks */ = {
			isa = PBXFrameworksBuildPhase;
			buildActionMask = 2147483647;
			files = (
			);
			runOnlyForDeploymentPostprocessing = 0;
		};
/* End PBXFrameworksBuildPhase section */

/* Begin PBXGroup section */
		9065665A2C8E3DB700695860 = {
			isa = PBXGroup;
			children = (
				906566652C8E3DB700695860 /* WeatherApp */,
				906566952C8E568900695860 /* WeatherAppTests */,
				906566642C8E3DB700695860 /* Products */,
			);
			sourceTree = "<group>";
		};
		906566642C8E3DB700695860 /* Products */ = {
			isa = PBXGroup;
			children = (
				906566632C8E3DB700695860 /* WeatherApp.app */,
				906566942C8E568900695860 /* WeatherAppTests.xctest */,
			);
			name = Products;
			sourceTree = "<group>";
		};
		906566652C8E3DB700695860 /* WeatherApp */ = {
			isa = PBXGroup;
			children = (
				906566AA2C8E68DB00695860 /* Info.plist */,
				9065668B2C8E535600695860 /* Extensions */,
				906566802C8E3ECC00695860 /* Utility */,
				9065667D2C8E3E9F00695860 /* Service */,
				906566742C8E3E0400695860 /* Main */,
				906566772C8E3E1800695860 /* Screens */,
				906566762C8E3E1000695860 /* Resources */,
				9065666C2C8E3DB800695860 /* Preview Content */,
			);
			path = WeatherApp;
			sourceTree = "<group>";
		};
		9065666C2C8E3DB800695860 /* Preview Content */ = {
			isa = PBXGroup;
			children = (
				9065666D2C8E3DB800695860 /* Preview Assets.xcassets */,
			);
			path = "Preview Content";
			sourceTree = "<group>";
		};
		906566742C8E3E0400695860 /* Main */ = {
			isa = PBXGroup;
			children = (
				906566752C8E3E0900695860 /* Views */,
			);
			path = Main;
			sourceTree = "<group>";
		};
		906566752C8E3E0900695860 /* Views */ = {
			isa = PBXGroup;
			children = (
				906566662C8E3DB700695860 /* WeatherAppApp.swift */,
			);
			path = Views;
			sourceTree = "<group>";
		};
		906566762C8E3E1000695860 /* Resources */ = {
			isa = PBXGroup;
			children = (
				9065666A2C8E3DB800695860 /* Assets.xcassets */,
			);
			path = Resources;
			sourceTree = "<group>";
		};
		906566772C8E3E1800695860 /* Screens */ = {
			isa = PBXGroup;
			children = (
				906566782C8E3E2100695860 /* Weather */,
			);
			path = Screens;
			sourceTree = "<group>";
		};
		906566782C8E3E2100695860 /* Weather */ = {
			isa = PBXGroup;
			children = (
				9065667C2C8E3E3B00695860 /* Models */,
				9065667B2C8E3E3500695860 /* Views */,
				9065667A2C8E3E3200695860 /* ViewModels */,
				906566792C8E3E2F00695860 /* Resources */,
			);
			path = Weather;
			sourceTree = "<group>";
		};
		906566792C8E3E2F00695860 /* Resources */ = {
			isa = PBXGroup;
			children = (
				906566A62C8E59A400695860 /* Weather.xcassets */,
			);
			path = Resources;
			sourceTree = "<group>";
		};
		9065667A2C8E3E3200695860 /* ViewModels */ = {
			isa = PBXGroup;
			children = (
				906566852C8E410900695860 /* WeatherViewModel.swift */,
			);
			path = ViewModels;
			sourceTree = "<group>";
		};
		9065667B2C8E3E3500695860 /* Views */ = {
			isa = PBXGroup;
			children = (
				906566872C8E424E00695860 /* WeatherView.swift */,
			);
			path = Views;
			sourceTree = "<group>";
		};
		9065667C2C8E3E3B00695860 /* Models */ = {
			isa = PBXGroup;
			children = (
				906566832C8E40E700695860 /* WeatherModel.swift */,
			);
			path = Models;
			sourceTree = "<group>";
		};
		9065667D2C8E3E9F00695860 /* Service */ = {
			isa = PBXGroup;
			children = (
				906566A12C8E57B400695860 /* Response */,
				9065667E2C8E3EAC00695860 /* APIManager.swift */,
				906566892C8E487F00695860 /* CacheManager.swift */,
				906566A42C8E582B00695860 /* Mockable.swift */,
			);
			path = Service;
			sourceTree = "<group>";
		};
		906566802C8E3ECC00695860 /* Utility */ = {
			isa = PBXGroup;
			children = (
				906566812C8E3ED500695860 /* EndPointType.swift */,
			);
			path = Utility;
			sourceTree = "<group>";
		};
		9065668B2C8E535600695860 /* Extensions */ = {
			isa = PBXGroup;
			children = (
				9065668C2C8E535D00695860 /* Double.swift */,
			);
			path = Extensions;
			sourceTree = "<group>";
		};
		906566952C8E568900695860 /* WeatherAppTests */ = {
			isa = PBXGroup;
			children = (
				9065669D2C8E56BF00695860 /* WeatherViewModelTests.swift */,
			);
			path = WeatherAppTests;
			sourceTree = "<group>";
		};
		906566A12C8E57B400695860 /* Response */ = {
			isa = PBXGroup;
			children = (
				906566A22C8E57C000695860 /* weather.json */,
				906566A82C8E639E00695860 /* LocationManager.swift */,
			);
			path = Response;
			sourceTree = "<group>";
		};
/* End PBXGroup section */

/* Begin PBXNativeTarget section */
		906566622C8E3DB700695860 /* WeatherApp */ = {
			isa = PBXNativeTarget;
			buildConfigurationList = 906566712C8E3DB800695860 /* Build configuration list for PBXNativeTarget "WeatherApp" */;
			buildPhases = (
				9065665F2C8E3DB700695860 /* Sources */,
				906566602C8E3DB700695860 /* Frameworks */,
				906566612C8E3DB700695860 /* Resources */,
			);
			buildRules = (
			);
			dependencies = (
			);
			name = WeatherApp;
			productName = WeatherApp;
			productReference = 906566632C8E3DB700695860 /* WeatherApp.app */;
			productType = "com.apple.product-type.application";
		};
		906566932C8E568900695860 /* WeatherAppTests */ = {
			isa = PBXNativeTarget;
			buildConfigurationList = 9065669A2C8E568900695860 /* Build configuration list for PBXNativeTarget "WeatherAppTests" */;
			buildPhases = (
				906566902C8E568900695860 /* Sources */,
				906566912C8E568900695860 /* Frameworks */,
				906566922C8E568900695860 /* Resources */,
			);
			buildRules = (
			);
			dependencies = (
				906566992C8E568900695860 /* PBXTargetDependency */,
			);
			name = WeatherAppTests;
			productName = WeatherAppTests;
			productReference = 906566942C8E568900695860 /* WeatherAppTests.xctest */;
			productType = "com.apple.product-type.bundle.unit-test";
		};
/* End PBXNativeTarget section */

/* Begin PBXProject section */
		9065665B2C8E3DB700695860 /* Project object */ = {
			isa = PBXProject;
			attributes = {
				BuildIndependentTargetsInParallel = 1;
				LastSwiftUpdateCheck = 1540;
				LastUpgradeCheck = 1540;
				TargetAttributes = {
					906566622C8E3DB700695860 = {
						CreatedOnToolsVersion = 15.4;
					};
					906566932C8E568900695860 = {
						CreatedOnToolsVersion = 15.4;
						TestTargetID = 906566622C8E3DB700695860;
					};
				};
			};
			buildConfigurationList = 9065665E2C8E3DB700695860 /* Build configuration list for PBXProject "WeatherApp" */;
			compatibilityVersion = "Xcode 14.0";
			developmentRegion = en;
			hasScannedForEncodings = 0;
			knownRegions = (
				en,
				Base,
			);
			mainGroup = 9065665A2C8E3DB700695860;
			productRefGroup = 906566642C8E3DB700695860 /* Products */;
			projectDirPath = "";
			projectRoot = "";
			targets = (
				906566622C8E3DB700695860 /* WeatherApp */,
				906566932C8E568900695860 /* WeatherAppTests */,
			);
		};
/* End PBXProject section */

/* Begin PBXResourcesBuildPhase section */
		906566612C8E3DB700695860 /* Resources */ = {
			isa = PBXResourcesBuildPhase;
			buildActionMask = 2147483647;
			files = (
				906566A72C8E59A400695860 /* Weather.xcassets in Resources */,
				9065666E2C8E3DB800695860 /* Preview Assets.xcassets in Resources */,
				9065666B2C8E3DB800695860 /* Assets.xcassets in Resources */,
				906566A32C8E57C000695860 /* weather.json in Resources */,
			);
			runOnlyForDeploymentPostprocessing = 0;
		};
		906566922C8E568900695860 /* Resources */ = {
			isa = PBXResourcesBuildPhase;
			buildActionMask = 2147483647;
			files = (
			);
			runOnlyForDeploymentPostprocessing = 0;
		};
/* End PBXResourcesBuildPhase section */

/* Begin PBXSourcesBuildPhase section */
		9065665F2C8E3DB700695860 /* Sources */ = {
			isa = PBXSourcesBuildPhase;
			buildActionMask = 2147483647;
			files = (
				906566862C8E410900695860 /* WeatherViewModel.swift in Sources */,
				9065667F2C8E3EAC00695860 /* APIManager.swift in Sources */,
				906566A92C8E639E00695860 /* LocationManager.swift in Sources */,
				906566A52C8E582B00695860 /* Mockable.swift in Sources */,
				9065668D2C8E535D00695860 /* Double.swift in Sources */,
				906566672C8E3DB700695860 /* WeatherAppApp.swift in Sources */,
				906566882C8E424E00695860 /* WeatherView.swift in Sources */,
				906566842C8E40E700695860 /* WeatherModel.swift in Sources */,
				906566822C8E3ED500695860 /* EndPointType.swift in Sources */,
				9065668A2C8E487F00695860 /* CacheManager.swift in Sources */,
			);
			runOnlyForDeploymentPostprocessing = 0;
		};
		906566902C8E568900695860 /* Sources */ = {
			isa = PBXSourcesBuildPhase;
			buildActionMask = 2147483647;
			files = (
				9065669E2C8E56BF00695860 /* WeatherViewModelTests.swift in Sources */,
			);
			runOnlyForDeploymentPostprocessing = 0;
		};
/* End PBXSourcesBuildPhase section */

/* Begin PBXTargetDependency section */
		906566992C8E568900695860 /* PBXTargetDependency */ = {
			isa = PBXTargetDependency;
			target = 906566622C8E3DB700695860 /* WeatherApp */;
			targetProxy = 906566982C8E568900695860 /* PBXContainerItemProxy */;
		};
/* End PBXTargetDependency section */

/* Begin XCBuildConfiguration section */
		9065666F2C8E3DB800695860 /* Debug */ = {
			isa = XCBuildConfiguration;
			buildSettings = {
				ALWAYS_SEARCH_USER_PATHS = NO;
				ASSETCATALOG_COMPILER_GENERATE_SWIFT_ASSET_SYMBOL_EXTENSIONS = YES;
				CLANG_ANALYZER_NONNULL = YES;
				CLANG_ANALYZER_NUMBER_OBJECT_CONVERSION = YES_AGGRESSIVE;
				CLANG_CXX_LANGUAGE_STANDARD = "gnu++20";
				CLANG_ENABLE_MODULES = YES;
				CLANG_ENABLE_OBJC_ARC = YES;
				CLANG_ENABLE_OBJC_WEAK = YES;
				CLANG_WARN_BLOCK_CAPTURE_AUTORELEASING = YES;
				CLANG_WARN_BOOL_CONVERSION = YES;
				CLANG_WARN_COMMA = YES;
				CLANG_WARN_CONSTANT_CONVERSION = YES;
				CLANG_WARN_DEPRECATED_OBJC_IMPLEMENTATIONS = YES;
				CLANG_WARN_DIRECT_OBJC_ISA_USAGE = YES_ERROR;
				CLANG_WARN_DOCUMENTATION_COMMENTS = YES;
				CLANG_WARN_EMPTY_BODY = YES;
				CLANG_WARN_ENUM_CONVERSION = YES;
				CLANG_WARN_INFINITE_RECURSION = YES;
				CLANG_WARN_INT_CONVERSION = YES;
				CLANG_WARN_NON_LITERAL_NULL_CONVERSION = YES;
				CLANG_WARN_OBJC_IMPLICIT_RETAIN_SELF = YES;
				CLANG_WARN_OBJC_LITERAL_CONVERSION = YES;
				CLANG_WARN_OBJC_ROOT_CLASS = YES_ERROR;
				CLANG_WARN_QUOTED_INCLUDE_IN_FRAMEWORK_HEADER = YES;
				CLANG_WARN_RANGE_LOOP_ANALYSIS = YES;
				CLANG_WARN_STRICT_PROTOTYPES = YES;
				CLANG_WARN_SUSPICIOUS_MOVE = YES;
				CLANG_WARN_UNGUARDED_AVAILABILITY = YES_AGGRESSIVE;
				CLANG_WARN_UNREACHABLE_CODE = YES;
				CLANG_WARN__DUPLICATE_METHOD_MATCH = YES;
				COPY_PHASE_STRIP = NO;
				DEBUG_INFORMATION_FORMAT = dwarf;
				ENABLE_STRICT_OBJC_MSGSEND = YES;
				ENABLE_TESTABILITY = YES;
				ENABLE_USER_SCRIPT_SANDBOXING = YES;
				GCC_C_LANGUAGE_STANDARD = gnu17;
				GCC_DYNAMIC_NO_PIC = NO;
				GCC_NO_COMMON_BLOCKS = YES;
				GCC_OPTIMIZATION_LEVEL = 0;
				GCC_PREPROCESSOR_DEFINITIONS = (
					"DEBUG=1",
					"$(inherited)",
				);
				GCC_WARN_64_TO_32_BIT_CONVERSION = YES;
				GCC_WARN_ABOUT_RETURN_TYPE = YES_ERROR;
				GCC_WARN_UNDECLARED_SELECTOR = YES;
				GCC_WARN_UNINITIALIZED_AUTOS = YES_AGGRESSIVE;
				GCC_WARN_UNUSED_FUNCTION = YES;
				GCC_WARN_UNUSED_VARIABLE = YES;
				IPHONEOS_DEPLOYMENT_TARGET = 17.5;
				LOCALIZATION_PREFERS_STRING_CATALOGS = YES;
				MTL_ENABLE_DEBUG_INFO = INCLUDE_SOURCE;
				MTL_FAST_MATH = YES;
				ONLY_ACTIVE_ARCH = YES;
				SDKROOT = iphoneos;
				SWIFT_ACTIVE_COMPILATION_CONDITIONS = "DEBUG $(inherited)";
				SWIFT_OPTIMIZATION_LEVEL = "-Onone";
			};
			name = Debug;
		};
		906566702C8E3DB800695860 /* Release */ = {
			isa = XCBuildConfiguration;
			buildSettings = {
				ALWAYS_SEARCH_USER_PATHS = NO;
				ASSETCATALOG_COMPILER_GENERATE_SWIFT_ASSET_SYMBOL_EXTENSIONS = YES;
				CLANG_ANALYZER_NONNULL = YES;
				CLANG_ANALYZER_NUMBER_OBJECT_CONVERSION = YES_AGGRESSIVE;
				CLANG_CXX_LANGUAGE_STANDARD = "gnu++20";
				CLANG_ENABLE_MODULES = YES;
				CLANG_ENABLE_OBJC_ARC = YES;
				CLANG_ENABLE_OBJC_WEAK = YES;
				CLANG_WARN_BLOCK_CAPTURE_AUTORELEASING = YES;
				CLANG_WARN_BOOL_CONVERSION = YES;
				CLANG_WARN_COMMA = YES;
				CLANG_WARN_CONSTANT_CONVERSION = YES;
				CLANG_WARN_DEPRECATED_OBJC_IMPLEMENTATIONS = YES;
				CLANG_WARN_DIRECT_OBJC_ISA_USAGE = YES_ERROR;
				CLANG_WARN_DOCUMENTATION_COMMENTS = YES;
				CLANG_WARN_EMPTY_BODY = YES;
				CLANG_WARN_ENUM_CONVERSION = YES;
				CLANG_WARN_INFINITE_RECURSION = YES;
				CLANG_WARN_INT_CONVERSION = YES;
				CLANG_WARN_NON_LITERAL_NULL_CONVERSION = YES;
				CLANG_WARN_OBJC_IMPLICIT_RETAIN_SELF = YES;
				CLANG_WARN_OBJC_LITERAL_CONVERSION = YES;
				CLANG_WARN_OBJC_ROOT_CLASS = YES_ERROR;
				CLANG_WARN_QUOTED_INCLUDE_IN_FRAMEWORK_HEADER = YES;
				CLANG_WARN_RANGE_LOOP_ANALYSIS = YES;
				CLANG_WARN_STRICT_PROTOTYPES = YES;
				CLANG_WARN_SUSPICIOUS_MOVE = YES;
				CLANG_WARN_UNGUARDED_AVAILABILITY = YES_AGGRESSIVE;
				CLANG_WARN_UNREACHABLE_CODE = YES;
				CLANG_WARN__DUPLICATE_METHOD_MATCH = YES;
				COPY_PHASE_STRIP = NO;
				DEBUG_INFORMATION_FORMAT = "dwarf-with-dsym";
				ENABLE_NS_ASSERTIONS = NO;
				ENABLE_STRICT_OBJC_MSGSEND = YES;
				ENABLE_USER_SCRIPT_SANDBOXING = YES;
				GCC_C_LANGUAGE_STANDARD = gnu17;
				GCC_NO_COMMON_BLOCKS = YES;
				GCC_WARN_64_TO_32_BIT_CONVERSION = YES;
				GCC_WARN_ABOUT_RETURN_TYPE = YES_ERROR;
				GCC_WARN_UNDECLARED_SELECTOR = YES;
				GCC_WARN_UNINITIALIZED_AUTOS = YES_AGGRESSIVE;
				GCC_WARN_UNUSED_FUNCTION = YES;
				GCC_WARN_UNUSED_VARIABLE = YES;
				IPHONEOS_DEPLOYMENT_TARGET = 17.5;
				LOCALIZATION_PREFERS_STRING_CATALOGS = YES;
				MTL_ENABLE_DEBUG_INFO = NO;
				MTL_FAST_MATH = YES;
				SDKROOT = iphoneos;
				SWIFT_COMPILATION_MODE = wholemodule;
				VALIDATE_PRODUCT = YES;
			};
			name = Release;
		};
		906566722C8E3DB800695860 /* Debug */ = {
			isa = XCBuildConfiguration;
			buildSettings = {
				ASSETCATALOG_COMPILER_APPICON_NAME = AppIcon;
				ASSETCATALOG_COMPILER_GLOBAL_ACCENT_COLOR_NAME = AccentColor;
				CODE_SIGN_STYLE = Automatic;
				CURRENT_PROJECT_VERSION = 1;
				DEVELOPMENT_ASSET_PATHS = "\"WeatherApp/Preview Content\"";
				DEVELOPMENT_TEAM = G59V7A6W94;
				ENABLE_PREVIEWS = YES;
				GENERATE_INFOPLIST_FILE = YES;
				INFOPLIST_FILE = WeatherApp/Info.plist;
				INFOPLIST_KEY_NSLocationAlwaysUsageDescription = "We need your location to provide weather updates.";
				INFOPLIST_KEY_NSLocationWhenInUseUsageDescription = "We need your location to provide weather updates.";
				INFOPLIST_KEY_UIApplicationSceneManifest_Generation = YES;
				INFOPLIST_KEY_UIApplicationSupportsIndirectInputEvents = YES;
				INFOPLIST_KEY_UILaunchScreen_Generation = YES;
				INFOPLIST_KEY_UISupportedInterfaceOrientations_iPad = "UIInterfaceOrientationPortrait UIInterfaceOrientationPortraitUpsideDown UIInterfaceOrientationLandscapeLeft UIInterfaceOrientationLandscapeRight";
				INFOPLIST_KEY_UISupportedInterfaceOrientations_iPhone = "UIInterfaceOrientationPortrait UIInterfaceOrientationLandscapeLeft UIInterfaceOrientationLandscapeRight";
				LD_RUNPATH_SEARCH_PATHS = (
					"$(inherited)",
					"@executable_path/Frameworks",
				);
				MARKETING_VERSION = 1.0;
				PRODUCT_BUNDLE_IDENTIFIER = com.jay.WeatherApp;
				PRODUCT_NAME = "$(TARGET_NAME)";
				SWIFT_EMIT_LOC_STRINGS = YES;
				SWIFT_VERSION = 5.0;
				TARGETED_DEVICE_FAMILY = "1,2";
			};
			name = Debug;
		};
		906566732C8E3DB800695860 /* Release */ = {
			isa = XCBuildConfiguration;
			buildSettings = {
				ASSETCATALOG_COMPILER_APPICON_NAME = AppIcon;
				ASSETCATALOG_COMPILER_GLOBAL_ACCENT_COLOR_NAME = AccentColor;
				CODE_SIGN_STYLE = Automatic;
				CURRENT_PROJECT_VERSION = 1;
				DEVELOPMENT_ASSET_PATHS = "\"WeatherApp/Preview Content\"";
				DEVELOPMENT_TEAM = G59V7A6W94;
				ENABLE_PREVIEWS = YES;
				GENERATE_INFOPLIST_FILE = YES;
				INFOPLIST_FILE = WeatherApp/Info.plist;
				INFOPLIST_KEY_NSLocationAlwaysUsageDescription = "We need your location to provide weather updates.";
				INFOPLIST_KEY_NSLocationWhenInUseUsageDescription = "We need your location to provide weather updates.";
				INFOPLIST_KEY_UIApplicationSceneManifest_Generation = YES;
				INFOPLIST_KEY_UIApplicationSupportsIndirectInputEvents = YES;
				INFOPLIST_KEY_UILaunchScreen_Generation = YES;
				INFOPLIST_KEY_UISupportedInterfaceOrientations_iPad = "UIInterfaceOrientationPortrait UIInterfaceOrientationPortraitUpsideDown UIInterfaceOrientationLandscapeLeft UIInterfaceOrientationLandscapeRight";
				INFOPLIST_KEY_UISupportedInterfaceOrientations_iPhone = "UIInterfaceOrientationPortrait UIInterfaceOrientationLandscapeLeft UIInterfaceOrientationLandscapeRight";
				LD_RUNPATH_SEARCH_PATHS = (
					"$(inherited)",
					"@executable_path/Frameworks",
				);
				MARKETING_VERSION = 1.0;
				PRODUCT_BUNDLE_IDENTIFIER = com.jay.WeatherApp;
				PRODUCT_NAME = "$(TARGET_NAME)";
				SWIFT_EMIT_LOC_STRINGS = YES;
				SWIFT_VERSION = 5.0;
				TARGETED_DEVICE_FAMILY = "1,2";
			};
			name = Release;
		};
		9065669B2C8E568900695860 /* Debug */ = {
			isa = XCBuildConfiguration;
			buildSettings = {
				BUNDLE_LOADER = "$(TEST_HOST)";
				CODE_SIGN_STYLE = Automatic;
				CURRENT_PROJECT_VERSION = 1;
				DEVELOPMENT_TEAM = G59V7A6W94;
				GENERATE_INFOPLIST_FILE = YES;
				MARKETING_VERSION = 1.0;
				PRODUCT_BUNDLE_IDENTIFIER = com.jay.WeatherAppTests;
				PRODUCT_NAME = "$(TARGET_NAME)";
				SWIFT_EMIT_LOC_STRINGS = NO;
				SWIFT_VERSION = 5.0;
				TARGETED_DEVICE_FAMILY = "1,2";
				TEST_HOST = "$(BUILT_PRODUCTS_DIR)/WeatherApp.app/$(BUNDLE_EXECUTABLE_FOLDER_PATH)/WeatherApp";
			};
			name = Debug;
		};
		9065669C2C8E568900695860 /* Release */ = {
			isa = XCBuildConfiguration;
			buildSettings = {
				BUNDLE_LOADER = "$(TEST_HOST)";
				CODE_SIGN_STYLE = Automatic;
				CURRENT_PROJECT_VERSION = 1;
				DEVELOPMENT_TEAM = G59V7A6W94;
				GENERATE_INFOPLIST_FILE = YES;
				MARKETING_VERSION = 1.0;
				PRODUCT_BUNDLE_IDENTIFIER = com.jay.WeatherAppTests;
				PRODUCT_NAME = "$(TARGET_NAME)";
				SWIFT_EMIT_LOC_STRINGS = NO;
				SWIFT_VERSION = 5.0;
				TARGETED_DEVICE_FAMILY = "1,2";
				TEST_HOST = "$(BUILT_PRODUCTS_DIR)/WeatherApp.app/$(BUNDLE_EXECUTABLE_FOLDER_PATH)/WeatherApp";
			};
			name = Release;
		};
/* End XCBuildConfiguration section */

/* Begin XCConfigurationList section */
		9065665E2C8E3DB700695860 /* Build configuration list for PBXProject "WeatherApp" */ = {
			isa = XCConfigurationList;
			buildConfigurations = (
				9065666F2C8E3DB800695860 /* Debug */,
				906566702C8E3DB800695860 /* Release */,
			);
			defaultConfigurationIsVisible = 0;
			defaultConfigurationName = Release;
		};
		906566712C8E3DB800695860 /* Build configuration list for PBXNativeTarget "WeatherApp" */ = {
			isa = XCConfigurationList;
			buildConfigurations = (
				906566722C8E3DB800695860 /* Debug */,
				906566732C8E3DB800695860 /* Release */,
			);
			defaultConfigurationIsVisible = 0;
			defaultConfigurationName = Release;
		};
		9065669A2C8E568900695860 /* Build configuration list for PBXNativeTarget "WeatherAppTests" */ = {
			isa = XCConfigurationList;
			buildConfigurations = (
				9065669B2C8E568900695860 /* Debug */,
				9065669C2C8E568900695860 /* Release */,
			);
			defaultConfigurationIsVisible = 0;
			defaultConfigurationName = Release;
		};
/* End XCConfigurationList section */
	};
	rootObject = 9065665B2C8E3DB700695860 /* Project object */;
}
